
Microsoft Visual Studio Solution File, Format Version 12.00
# Visual Studio Version 17
VisualStudioVersion = 17.8.34118.251
MinimumVisualStudioVersion = 10.0.40219.1
Project("{FAE04EC0-301F-11D3-BF4B-00C04F79EFBC}") = "PrimeWeb1", "PrimeWeb1\PrimeWeb1.csproj", "{42CF31F6-7001-4424-82F6-7DF4B130265D}"
EndProject
Project("{FAE04EC0-301F-11D3-BF4B-00C04F79EFBC}") = "PrimeWeb1.UnitTests", "PrimeWeb1.UnitTests\PrimeWeb1.UnitTests.csproj", "{B0BFB849-730C-48F6-9AE2-8135E0190F36}"
EndProject
Project("{FAE04EC0-301F-11D3-BF4B-00C04F79EFBC}") = "PrimeWeb1.IntegrationTests", "PrimeWeb1.IntegrationTests\PrimeWeb1.IntegrationTests.csproj", "{C77CD2FE-0677-496A-854A-A45AA71D0656}"
EndProject
Global
	GlobalSection(SolutionConfigurationPlatforms) = preSolution
		Debug|Any CPU = Debug|Any CPU
		Release|Any CPU = Release|Any CPU
	EndGlobalSection
	GlobalSection(ProjectConfigurationPlatforms) = postSolution
		{42CF31F6-7001-4424-82F6-7DF4B130265D}.Debug|Any CPU.ActiveCfg = Debug|Any CPU
		{42CF31F6-7001-4424-82F6-7DF4B130265D}.Debug|Any CPU.Build.0 = Debug|Any CPU
		{42CF31F6-7001-4424-82F6-7DF4B130265D}.Release|Any CPU.ActiveCfg = Release|Any CPU
		{42CF31F6-7001-4424-82F6-7DF4B130265D}.Release|Any CPU.Build.0 = Release|Any CPU
		{B0BFB849-730C-48F6-9AE2-8135E0190F36}.Debug|Any CPU.ActiveCfg = Debug|Any CPU
		{B0BFB849-730C-48F6-9AE2-8135E0190F36}.Debug|Any CPU.Build.0 = Debug|Any CPU
		{B0BFB849-730C-48F6-9AE2-8135E0190F36}.Release|Any CPU.ActiveCfg = Release|Any CPU
		{B0BFB849-730C-48F6-9AE2-8135E0190F36}.Release|Any CPU.Build.0 = Release|Any CPU
		{C77CD2FE-0677-496A-854A-A45AA71D0656}.Debug|Any CPU.ActiveCfg = Debug|Any CPU
		{C77CD2FE-0677-496A-854A-A45AA71D0656}.Debug|Any CPU.Build.0 = Debug|Any CPU
		{C77CD2FE-0677-496A-854A-A45AA71D0656}.Release|Any CPU.ActiveCfg = Release|Any CPU
		{C77CD2FE-0677-496A-854A-A45AA71D0656}.Release|Any CPU.Build.0 = Release|Any CPU
	EndGlobalSection
	GlobalSection(SolutionProperties) = preSolution
		HideSolutionNode = FALSE
	EndGlobalSection
	GlobalSection(ExtensibilityGlobals) = postSolution
		SolutionGuid = {C74D9733-A587-4BB9-9D93-96C1DBCC65F0}
	EndGlobalSection
EndGlobal
